// !$*UTF8*$!
{
	archiveVersion = 1;
	classes = {
	};
	objectVersion = 50;
	objects = {

/* Begin PBXBuildFile section */
		81ABE54822CCF9F9007230C7 /* AppDelegate.m in Sources */ = {isa = PBXBuildFile; fileRef = 81ABE54722CCF9F9007230C7 /* AppDelegate.m */; };
		81ABE54E22CCF9F9007230C7 /* Main.storyboard in Resources */ = {isa = PBXBuildFile; fileRef = 81ABE54C22CCF9F9007230C7 /* Main.storyboard */; };
		81ABE55022CCF9FE007230C7 /* Assets.xcassets in Resources */ = {isa = PBXBuildFile; fileRef = 81ABE54F22CCF9FE007230C7 /* Assets.xcassets */; };
		81ABE55322CCF9FE007230C7 /* LaunchScreen.storyboard in Resources */ = {isa = PBXBuildFile; fileRef = 81ABE55122CCF9FE007230C7 /* LaunchScreen.storyboard */; };
		81ABE55622CCF9FE007230C7 /* main.m in Sources */ = {isa = PBXBuildFile; fileRef = 81ABE55522CCF9FE007230C7 /* main.m */; };
		81ABE56522CD0081007230C7 /* DetailedViewController.m in Sources */ = {isa = PBXBuildFile; fileRef = 81ABE56322CD0081007230C7 /* DetailedViewController.m */; };
		81ABE56622CD0081007230C7 /* DetailedViewController.xib in Resources */ = {isa = PBXBuildFile; fileRef = 81ABE56422CD0081007230C7 /* DetailedViewController.xib */; };
		81ABE57022CD00ED007230C7 /* ListViewController.m in Sources */ = {isa = PBXBuildFile; fileRef = 81ABE56E22CD00ED007230C7 /* ListViewController.m */; };
		81ABE57122CD00ED007230C7 /* ListViewController.xib in Resources */ = {isa = PBXBuildFile; fileRef = 81ABE56F22CD00ED007230C7 /* ListViewController.xib */; };
		81ABE57622CD0127007230C7 /* ListTableViewCell.m in Sources */ = {isa = PBXBuildFile; fileRef = 81ABE57422CD0127007230C7 /* ListTableViewCell.m */; };
		81ABE57722CD0127007230C7 /* ListTableViewCell.xib in Resources */ = {isa = PBXBuildFile; fileRef = 81ABE57522CD0127007230C7 /* ListTableViewCell.xib */; };
		81ABE57A22CD040F007230C7 /* input.plist in Resources */ = {isa = PBXBuildFile; fileRef = 81ABE57922CD040F007230C7 /* input.plist */; };
		81ABE58022CD182E007230C7 /* List.m in Sources */ = {isa = PBXBuildFile; fileRef = 81ABE57F22CD182E007230C7 /* List.m */; };
		81F86AFE22CD188800B2DE3C /* PersonModel.m in Sources */ = {isa = PBXBuildFile; fileRef = 81F86AFD22CD188800B2DE3C /* PersonModel.m */; };
		81F86B0B22CE581300B2DE3C /* DataObject.m in Sources */ = {isa = PBXBuildFile; fileRef = 81F86B0A22CE581300B2DE3C /* DataObject.m */; };
/* End PBXBuildFile section */

/* Begin PBXFileReference section */
		81ABE54322CCF9F9007230C7 /* AcumaticaTest.app */ = {isa = PBXFileReference; explicitFileType = wrapper.application; includeInIndex = 0; path = AcumaticaTest.app; sourceTree = BUILT_PRODUCTS_DIR; };
		81ABE54622CCF9F9007230C7 /* AppDelegate.h */ = {isa = PBXFileReference; lastKnownFileType = sourcecode.c.h; path = AppDelegate.h; sourceTree = "<group>"; };
		81ABE54722CCF9F9007230C7 /* AppDelegate.m */ = {isa = PBXFileReference; lastKnownFileType = sourcecode.c.objc; path = AppDelegate.m; sourceTree = "<group>"; };
		81ABE54D22CCF9F9007230C7 /* Base */ = {isa = PBXFileReference; lastKnownFileType = file.storyboard; name = Base; path = Base.lproj/Main.storyboard; sourceTree = "<group>"; };
		81ABE54F22CCF9FE007230C7 /* Assets.xcassets */ = {isa = PBXFileReference; lastKnownFileType = folder.assetcatalog; path = Assets.xcassets; sourceTree = "<group>"; };
		81ABE55222CCF9FE007230C7 /* Base */ = {isa = PBXFileReference; lastKnownFileType = file.storyboard; name = Base; path = Base.lproj/LaunchScreen.storyboard; sourceTree = "<group>"; };
		81ABE55422CCF9FE007230C7 /* Info.plist */ = {isa = PBXFileReference; lastKnownFileType = text.plist.xml; path = Info.plist; sourceTree = "<group>"; };
		81ABE55522CCF9FE007230C7 /* main.m */ = {isa = PBXFileReference; lastKnownFileType = sourcecode.c.objc; path = main.m; sourceTree = "<group>"; };
		81ABE56222CD0081007230C7 /* DetailedViewController.h */ = {isa = PBXFileReference; lastKnownFileType = sourcecode.c.h; path = DetailedViewController.h; sourceTree = "<group>"; };
		81ABE56322CD0081007230C7 /* DetailedViewController.m */ = {isa = PBXFileReference; lastKnownFileType = sourcecode.c.objc; path = DetailedViewController.m; sourceTree = "<group>"; };
		81ABE56422CD0081007230C7 /* DetailedViewController.xib */ = {isa = PBXFileReference; lastKnownFileType = file.xib; path = DetailedViewController.xib; sourceTree = "<group>"; };
		81ABE56D22CD00ED007230C7 /* ListViewController.h */ = {isa = PBXFileReference; lastKnownFileType = sourcecode.c.h; path = ListViewController.h; sourceTree = "<group>"; };
		81ABE56E22CD00ED007230C7 /* ListViewController.m */ = {isa = PBXFileReference; lastKnownFileType = sourcecode.c.objc; path = ListViewController.m; sourceTree = "<group>"; };
		81ABE56F22CD00ED007230C7 /* ListViewController.xib */ = {isa = PBXFileReference; lastKnownFileType = file.xib; path = ListViewController.xib; sourceTree = "<group>"; };
		81ABE57322CD0127007230C7 /* ListTableViewCell.h */ = {isa = PBXFileReference; lastKnownFileType = sourcecode.c.h; path = ListTableViewCell.h; sourceTree = "<group>"; };
		81ABE57422CD0127007230C7 /* ListTableViewCell.m */ = {isa = PBXFileReference; lastKnownFileType = sourcecode.c.objc; path = ListTableViewCell.m; sourceTree = "<group>"; };
		81ABE57522CD0127007230C7 /* ListTableViewCell.xib */ = {isa = PBXFileReference; lastKnownFileType = file.xib; path = ListTableViewCell.xib; sourceTree = "<group>"; };
		81ABE57922CD040F007230C7 /* input.plist */ = {isa = PBXFileReference; fileEncoding = 4; lastKnownFileType = text.plist.xml; path = input.plist; sourceTree = "<group>"; };
		81ABE57E22CD182E007230C7 /* List.h */ = {isa = PBXFileReference; lastKnownFileType = sourcecode.c.h; path = List.h; sourceTree = "<group>"; };
		81ABE57F22CD182E007230C7 /* List.m */ = {isa = PBXFileReference; lastKnownFileType = sourcecode.c.objc; path = List.m; sourceTree = "<group>"; };
		81F86AFC22CD188800B2DE3C /* PersonModel.h */ = {isa = PBXFileReference; lastKnownFileType = sourcecode.c.h; path = PersonModel.h; sourceTree = "<group>"; };
		81F86AFD22CD188800B2DE3C /* PersonModel.m */ = {isa = PBXFileReference; lastKnownFileType = sourcecode.c.objc; path = PersonModel.m; sourceTree = "<group>"; };
		81F86B0922CE581300B2DE3C /* DataObject.h */ = {isa = PBXFileReference; lastKnownFileType = sourcecode.c.h; path = DataObject.h; sourceTree = "<group>"; };
		81F86B0A22CE581300B2DE3C /* DataObject.m */ = {isa = PBXFileReference; lastKnownFileType = sourcecode.c.objc; path = DataObject.m; sourceTree = "<group>"; };
/* End PBXFileReference section */

/* Begin PBXFrameworksBuildPhase section */
		81ABE54022CCF9F9007230C7 /* Frameworks */ = {
			isa = PBXFrameworksBuildPhase;
			buildActionMask = 2147483647;
			files = (
			);
			runOnlyForDeploymentPostprocessing = 0;
		};
/* End PBXFrameworksBuildPhase section */

/* Begin PBXGroup section */
		81ABE53A22CCF9F9007230C7 = {
			isa = PBXGroup;
			children = (
				81ABE54522CCF9F9007230C7 /* AcumaticaTest */,
				81ABE54422CCF9F9007230C7 /* Products */,
			);
			sourceTree = "<group>";
		};
		81ABE54422CCF9F9007230C7 /* Products */ = {
			isa = PBXGroup;
			children = (
				81ABE54322CCF9F9007230C7 /* AcumaticaTest.app */,
			);
			name = Products;
			sourceTree = "<group>";
		};
		81ABE54522CCF9F9007230C7 /* AcumaticaTest */ = {
			isa = PBXGroup;
			children = (
				81ABE54622CCF9F9007230C7 /* AppDelegate.h */,
				81ABE54722CCF9F9007230C7 /* AppDelegate.m */,
				81ABE57B22CD17C6007230C7 /* Model */,
				81ABE57222CD00F1007230C7 /* ListViewController */,
				81ABE56722CD0085007230C7 /* DetaildeViewController */,
				81ABE54C22CCF9F9007230C7 /* Main.storyboard */,
				81ABE54F22CCF9FE007230C7 /* Assets.xcassets */,
				81ABE55122CCF9FE007230C7 /* LaunchScreen.storyboard */,
				81ABE55422CCF9FE007230C7 /* Info.plist */,
				81ABE57922CD040F007230C7 /* input.plist */,
				81ABE55522CCF9FE007230C7 /* main.m */,
			);
			path = AcumaticaTest;
			sourceTree = "<group>";
		};
		81ABE56722CD0085007230C7 /* DetaildeViewController */ = {
			isa = PBXGroup;
			children = (
				81ABE56222CD0081007230C7 /* DetailedViewController.h */,
				81ABE56322CD0081007230C7 /* DetailedViewController.m */,
				81ABE56422CD0081007230C7 /* DetailedViewController.xib */,
			);
			path = DetaildeViewController;
			sourceTree = "<group>";
		};
		81ABE57222CD00F1007230C7 /* ListViewController */ = {
			isa = PBXGroup;
			children = (
				81ABE56D22CD00ED007230C7 /* ListViewController.h */,
				81ABE56E22CD00ED007230C7 /* ListViewController.m */,
				81ABE56F22CD00ED007230C7 /* ListViewController.xib */,
				81ABE57822CD012B007230C7 /* ListTableViewCell */,
			);
			path = ListViewController;
			sourceTree = "<group>";
		};
		81ABE57822CD012B007230C7 /* ListTableViewCell */ = {
			isa = PBXGroup;
			children = (
				81ABE57322CD0127007230C7 /* ListTableViewCell.h */,
				81ABE57422CD0127007230C7 /* ListTableViewCell.m */,
				81ABE57522CD0127007230C7 /* ListTableViewCell.xib */,
			);
			path = ListTableViewCell;
			sourceTree = "<group>";
		};
		81ABE57B22CD17C6007230C7 /* Model */ = {
			isa = PBXGroup;
			children = (
				81ABE57C22CD17DE007230C7 /* List */,
				81ABE57D22CD17E6007230C7 /* Detiled */,
			);
			path = Model;
			sourceTree = "<group>";
		};
		81ABE57C22CD17DE007230C7 /* List */ = {
			isa = PBXGroup;
			children = (
				81ABE57E22CD182E007230C7 /* List.h */,
				81ABE57F22CD182E007230C7 /* List.m */,
			);
			path = List;
			sourceTree = "<group>";
		};
		81ABE57D22CD17E6007230C7 /* Detiled */ = {
			isa = PBXGroup;
			children = (
				81F86AFC22CD188800B2DE3C /* PersonModel.h */,
				81F86AFD22CD188800B2DE3C /* PersonModel.m */,
				81F86B0922CE581300B2DE3C /* DataObject.h */,
				81F86B0A22CE581300B2DE3C /* DataObject.m */,
			);
			path = Detiled;
			sourceTree = "<group>";
		};
/* End PBXGroup section */

/* Begin PBXNativeTarget section */
		81ABE54222CCF9F9007230C7 /* AcumaticaTest */ = {
			isa = PBXNativeTarget;
			buildConfigurationList = 81ABE55922CCF9FE007230C7 /* Build configuration list for PBXNativeTarget "AcumaticaTest" */;
			buildPhases = (
				81ABE53F22CCF9F9007230C7 /* Sources */,
				81ABE54022CCF9F9007230C7 /* Frameworks */,
				81ABE54122CCF9F9007230C7 /* Resources */,
			);
			buildRules = (
			);
			dependencies = (
			);
			name = AcumaticaTest;
			productName = AcumaticaTest;
			productReference = 81ABE54322CCF9F9007230C7 /* AcumaticaTest.app */;
			productType = "com.apple.product-type.application";
		};
/* End PBXNativeTarget section */

/* Begin PBXProject section */
		81ABE53B22CCF9F9007230C7 /* Project object */ = {
			isa = PBXProject;
			attributes = {
				LastUpgradeCheck = 1020;
				ORGANIZATIONNAME = "Artashes Yeghiazaryan";
				TargetAttributes = {
					81ABE54222CCF9F9007230C7 = {
						CreatedOnToolsVersion = 10.2.1;
					};
				};
			};
			buildConfigurationList = 81ABE53E22CCF9F9007230C7 /* Build configuration list for PBXProject "AcumaticaTest" */;
			compatibilityVersion = "Xcode 9.3";
			developmentRegion = en;
			hasScannedForEncodings = 0;
			knownRegions = (
				en,
				Base,
			);
			mainGroup = 81ABE53A22CCF9F9007230C7;
			productRefGroup = 81ABE54422CCF9F9007230C7 /* Products */;
			projectDirPath = "";
			projectRoot = "";
			targets = (
				81ABE54222CCF9F9007230C7 /* AcumaticaTest */,
			);
		};
/* End PBXProject section */

/* Begin PBXResourcesBuildPhase section */
		81ABE54122CCF9F9007230C7 /* Resources */ = {
			isa = PBXResourcesBuildPhase;
			buildActionMask = 2147483647;
			files = (
				81ABE55322CCF9FE007230C7 /* LaunchScreen.storyboard in Resources */,
				81ABE57722CD0127007230C7 /* ListTableViewCell.xib in Resources */,
				81ABE55022CCF9FE007230C7 /* Assets.xcassets in Resources */,
				81ABE57122CD00ED007230C7 /* ListViewController.xib in Resources */,
				81ABE56622CD0081007230C7 /* DetailedViewController.xib in Resources */,
				81ABE57A22CD040F007230C7 /* input.plist in Resources */,
				81ABE54E22CCF9F9007230C7 /* Main.storyboard in Resources */,
			);
			runOnlyForDeploymentPostprocessing = 0;
		};
/* End PBXResourcesBuildPhase section */

/* Begin PBXSourcesBuildPhase section */
		81ABE53F22CCF9F9007230C7 /* Sources */ = {
			isa = PBXSourcesBuildPhase;
			buildActionMask = 2147483647;
			files = (
				81F86B0B22CE581300B2DE3C /* DataObject.m in Sources */,
				81F86AFE22CD188800B2DE3C /* PersonModel.m in Sources */,
				81ABE57022CD00ED007230C7 /* ListViewController.m in Sources */,
				81ABE55622CCF9FE007230C7 /* main.m in Sources */,
				81ABE57622CD0127007230C7 /* ListTableViewCell.m in Sources */,
				81ABE58022CD182E007230C7 /* List.m in Sources */,
				81ABE54822CCF9F9007230C7 /* AppDelegate.m in Sources */,
				81ABE56522CD0081007230C7 /* DetailedViewController.m in Sources */,
			);
			runOnlyForDeploymentPostprocessing = 0;
		};
/* End PBXSourcesBuildPhase section */

/* Begin PBXVariantGroup section */
		81ABE54C22CCF9F9007230C7 /* Main.storyboard */ = {
			isa = PBXVariantGroup;
			children = (
				81ABE54D22CCF9F9007230C7 /* Base */,
			);
			name = Main.storyboard;
			sourceTree = "<group>";
		};
		81ABE55122CCF9FE007230C7 /* LaunchScreen.storyboard */ = {
			isa = PBXVariantGroup;
			children = (
				81ABE55222CCF9FE007230C7 /* Base */,
			);
			name = LaunchScreen.storyboard;
			sourceTree = "<group>";
		};
/* End PBXVariantGroup section */

/* Begin XCBuildConfiguration section */
		81ABE55722CCF9FE007230C7 /* Debug */ = {
			isa = XCBuildConfiguration;
			buildSettings = {
				ALWAYS_SEARCH_USER_PATHS = NO;
				CLANG_ANALYZER_NONNULL = YES;
				CLANG_ANALYZER_NUMBER_OBJECT_CONVERSION = YES_AGGRESSIVE;
				CLANG_CXX_LANGUAGE_STANDARD = "gnu++14";
				CLANG_CXX_LIBRARY = "libc++";
				CLANG_ENABLE_MODULES = YES;
				CLANG_ENABLE_OBJC_ARC = YES;
				CLANG_ENABLE_OBJC_WEAK = YES;
				CLANG_WARN_BLOCK_CAPTURE_AUTORELEASING = YES;
				CLANG_WARN_BOOL_CONVERSION = YES;
				CLANG_WARN_COMMA = YES;
				CLANG_WARN_CONSTANT_CONVERSION = YES;
				CLANG_WARN_DEPRECATED_OBJC_IMPLEMENTATIONS = YES;
				CLANG_WARN_DIRECT_OBJC_ISA_USAGE = YES_ERROR;
				CLANG_WARN_DOCUMENTATION_COMMENTS = YES;
				CLANG_WARN_EMPTY_BODY = YES;
				CLANG_WARN_ENUM_CONVERSION = YES;
				CLANG_WARN_INFINITE_RECURSION = YES;
				CLANG_WARN_INT_CONVERSION = YES;
				CLANG_WARN_NON_LITERAL_NULL_CONVERSION = YES;
				CLANG_WARN_OBJC_IMPLICIT_RETAIN_SELF = YES;
				CLANG_WARN_OBJC_LITERAL_CONVERSION = YES;
				CLANG_WARN_OBJC_ROOT_CLASS = YES_ERROR;
				CLANG_WARN_RANGE_LOOP_ANALYSIS = YES;
				CLANG_WARN_STRICT_PROTOTYPES = YES;
				CLANG_WARN_SUSPICIOUS_MOVE = YES;
				CLANG_WARN_UNGUARDED_AVAILABILITY = YES_AGGRESSIVE;
				CLANG_WARN_UNREACHABLE_CODE = YES;
				CLANG_WARN__DUPLICATE_METHOD_MATCH = YES;
				CODE_SIGN_IDENTITY = "iPhone Developer";
				COPY_PHASE_STRIP = NO;
				DEBUG_INFORMATION_FORMAT = dwarf;
				ENABLE_STRICT_OBJC_MSGSEND = YES;
				ENABLE_TESTABILITY = YES;
				GCC_C_LANGUAGE_STANDARD = gnu11;
				GCC_DYNAMIC_NO_PIC = NO;
				GCC_NO_COMMON_BLOCKS = YES;
				GCC_OPTIMIZATION_LEVEL = 0;
				GCC_PREPROCESSOR_DEFINITIONS = (
					"DEBUG=1",
					"$(inherited)",
				);
				GCC_WARN_64_TO_32_BIT_CONVERSION = YES;
				GCC_WARN_ABOUT_RETURN_TYPE = YES_ERROR;
				GCC_WARN_UNDECLARED_SELECTOR = YES;
				GCC_WARN_UNINITIALIZED_AUTOS = YES_AGGRESSIVE;
				GCC_WARN_UNUSED_FUNCTION = YES;
				GCC_WARN_UNUSED_VARIABLE = YES;
				IPHONEOS_DEPLOYMENT_TARGET = 12.2;
				MTL_ENABLE_DEBUG_INFO = INCLUDE_SOURCE;
				MTL_FAST_MATH = YES;
				ONLY_ACTIVE_ARCH = YES;
				SDKROOT = iphoneos;
			};
			name = Debug;
		};
		81ABE55822CCF9FE007230C7 /* Release */ = {
			isa = XCBuildConfiguration;
			buildSettings = {
				ALWAYS_SEARCH_USER_PATHS = NO;
				CLANG_ANALYZER_NONNULL = YES;
				CLANG_ANALYZER_NUMBER_OBJECT_CONVERSION = YES_AGGRESSIVE;
				CLANG_CXX_LANGUAGE_STANDARD = "gnu++14";
				CLANG_CXX_LIBRARY = "libc++";
				CLANG_ENABLE_MODULES = YES;
				CLANG_ENABLE_OBJC_ARC = YES;
				CLANG_ENABLE_OBJC_WEAK = YES;
				CLANG_WARN_BLOCK_CAPTURE_AUTORELEASING = YES;
				CLANG_WARN_BOOL_CONVERSION = YES;
				CLANG_WARN_COMMA = YES;
				CLANG_WARN_CONSTANT_CONVERSION = YES;
				CLANG_WARN_DEPRECATED_OBJC_IMPLEMENTATIONS = YES;
				CLANG_WARN_DIRECT_OBJC_ISA_USAGE = YES_ERROR;
				CLANG_WARN_DOCUMENTATION_COMMENTS = YES;
				CLANG_WARN_EMPTY_BODY = YES;
				CLANG_WARN_ENUM_CONVERSION = YES;
				CLANG_WARN_INFINITE_RECURSION = YES;
				CLANG_WARN_INT_CONVERSION = YES;
				CLANG_WARN_NON_LITERAL_NULL_CONVERSION = YES;
				CLANG_WARN_OBJC_IMPLICIT_RETAIN_SELF = YES;
				CLANG_WARN_OBJC_LITERAL_CONVERSION = YES;
				CLANG_WARN_OBJC_ROOT_CLASS = YES_ERROR;
				CLANG_WARN_RANGE_LOOP_ANALYSIS = YES;
				CLANG_WARN_STRICT_PROTOTYPES = YES;
				CLANG_WARN_SUSPICIOUS_MOVE = YES;
				CLANG_WARN_UNGUARDED_AVAILABILITY = YES_AGGRESSIVE;
				CLANG_WARN_UNREACHABLE_CODE = YES;
				CLANG_WARN__DUPLICATE_METHOD_MATCH = YES;
				CODE_SIGN_IDENTITY = "iPhone Developer";
				COPY_PHASE_STRIP = NO;
				DEBUG_INFORMATION_FORMAT = "dwarf-with-dsym";
				ENABLE_NS_ASSERTIONS = NO;
				ENABLE_STRICT_OBJC_MSGSEND = YES;
				GCC_C_LANGUAGE_STANDARD = gnu11;
				GCC_NO_COMMON_BLOCKS = YES;
				GCC_WARN_64_TO_32_BIT_CONVERSION = YES;
				GCC_WARN_ABOUT_RETURN_TYPE = YES_ERROR;
				GCC_WARN_UNDECLARED_SELECTOR = YES;
				GCC_WARN_UNINITIALIZED_AUTOS = YES_AGGRESSIVE;
				GCC_WARN_UNUSED_FUNCTION = YES;
				GCC_WARN_UNUSED_VARIABLE = YES;
				IPHONEOS_DEPLOYMENT_TARGET = 12.2;
				MTL_ENABLE_DEBUG_INFO = NO;
				MTL_FAST_MATH = YES;
				SDKROOT = iphoneos;
				VALIDATE_PRODUCT = YES;
			};
			name = Release;
		};
		81ABE55A22CCF9FE007230C7 /* Debug */ = {
			isa = XCBuildConfiguration;
			buildSettings = {
				ASSETCATALOG_COMPILER_APPICON_NAME = AppIcon;
				CODE_SIGN_STYLE = Automatic;
				DEVELOPMENT_TEAM = RCM82X5MZ7;
				INFOPLIST_FILE = AcumaticaTest/Info.plist;
				LD_RUNPATH_SEARCH_PATHS = (
					"$(inherited)",
					"@executable_path/Frameworks",
				);
				PRODUCT_BUNDLE_IDENTIFIER = Tash.AcumaticaTest;
				PRODUCT_NAME = "$(TARGET_NAME)";
				TARGETED_DEVICE_FAMILY = "1,2";
			};
			name = Debug;
		};
		81ABE55B22CCF9FE007230C7 /* Release */ = {
			isa = XCBuildConfiguration;
			buildSettings = {
				ASSETCATALOG_COMPILER_APPICON_NAME = AppIcon;
				CODE_SIGN_STYLE = Automatic;
				DEVELOPMENT_TEAM = RCM82X5MZ7;
				INFOPLIST_FILE = AcumaticaTest/Info.plist;
				LD_RUNPATH_SEARCH_PATHS = (
					"$(inherited)",
					"@executable_path/Frameworks",
				);
				PRODUCT_BUNDLE_IDENTIFIER = Tash.AcumaticaTest;
				PRODUCT_NAME = "$(TARGET_NAME)";
				TARGETED_DEVICE_FAMILY = "1,2";
			};
			name = Release;
		};
/* End XCBuildConfiguration section */

/* Begin XCConfigurationList section */
		81ABE53E22CCF9F9007230C7 /* Build configuration list for PBXProject "AcumaticaTest" */ = {
			isa = XCConfigurationList;
			buildConfigurations = (
				81ABE55722CCF9FE007230C7 /* Debug */,
				81ABE55822CCF9FE007230C7 /* Release */,
			);
			defaultConfigurationIsVisible = 0;
			defaultConfigurationName = Release;
		};
		81ABE55922CCF9FE007230C7 /* Build configuration list for PBXNativeTarget "AcumaticaTest" */ = {
			isa = XCConfigurationList;
			buildConfigurations = (
				81ABE55A22CCF9FE007230C7 /* Debug */,
				81ABE55B22CCF9FE007230C7 /* Release */,
			);
			defaultConfigurationIsVisible = 0;
			defaultConfigurationName = Release;
		};
/* End XCConfigurationList section */
	};
	rootObject = 81ABE53B22CCF9F9007230C7 /* Project object */;
}
